a:3:{s:14:"download_goods";a:3:{s:10:"session_id";N;s:9:"lock_time";i:1308838804;s:7:"if_lock";s:5:"false";}s:9:"data_sync";a:3:{s:10:"session_id";N;s:9:"lock_time";i:1308838804;s:7:"if_lock";s:5:"false";}s:14:"download_image";a:3:{s:10:"session_id";N;s:9:"lock_time";i:1308838804;s:7:"if_lock";s:5:"false";}}